
Microsoft Visual Studio Solution File, Format Version 12.00
# Visual Studio Version 17
VisualStudioVersion = 17.1.32414.318
MinimumVisualStudioVersion = 10.0.40219.1
Project("{FAE04EC0-301F-11D3-BF4B-00C04F79EFBC}") = "gather-api", "gather-api.csproj", "{DA5228EF-B68D-41F2-B26A-643C210A61F0}"
EndProject
Global
	GlobalSection(SolutionConfigurationPlatforms) = preSolution
		Debug|Any CPU = Debug|Any CPU
		Release|Any CPU = Release|Any CPU
	EndGlobalSection
	GlobalSection(ProjectConfigurationPlatforms) = postSolution
		{DA5228EF-B68D-41F2-B26A-643C210A61F0}.Debug|Any CPU.ActiveCfg = Debug|Any CPU
		{DA5228EF-B68D-41F2-B26A-643C210A61F0}.Debug|Any CPU.Build.0 = Debug|Any CPU
		{DA5228EF-B68D-41F2-B26A-643C210A61F0}.Release|Any CPU.ActiveCfg = Release|Any CPU
		{DA5228EF-B68D-41F2-B26A-643C210A61F0}.Release|Any CPU.Build.0 = Release|Any CPU
	EndGlobalSection
	GlobalSection(SolutionProperties) = preSolution
		HideSolutionNode = FALSE
	EndGlobalSection
	GlobalSection(ExtensibilityGlobals) = postSolution
		SolutionGuid = {5D3DD769-52A7-498C-B82E-0012206D80F4}
	EndGlobalSection
EndGlobal
